
Microsoft Visual Studio Solution File, Format Version 12.00
# Visual Studio Version 17
VisualStudioVersion = 17.0.31903.59
MinimumVisualStudioVersion = 10.0.40219.1
Project("{FAE04EC0-301F-11D3-BF4B-00C04F79EFBC}") = "Api", "Api\Api.csproj", "{ED1CFA48-49CC-4A22-8A39-45AD745D53D9}"
EndProject
Project("{FAE04EC0-301F-11D3-BF4B-00C04F79EFBC}") = "Application", "Application\Application.csproj", "{6F3C8CF2-1795-46A8-B439-16AB1EB59C34}"
EndProject
Project("{FAE04EC0-301F-11D3-BF4B-00C04F79EFBC}") = "Domain", "Domain\Domain.csproj", "{B2CEDCC0-D82C-4E28-81F3-079321291B35}"
EndProject
Project("{FAE04EC0-301F-11D3-BF4B-00C04F79EFBC}") = "Persistence", "Persistence\Persistence.csproj", "{C95C505F-3D3B-4875-BE00-8B70000BEDB4}"
EndProject
Project("{FAE04EC0-301F-11D3-BF4B-00C04F79EFBC}") = "InversionOfControl", "InversionOfControl\InversionOfControl.csproj", "{81EFD7BE-0D98-4F11-826A-67CF718AE27D}"
EndProject
Project("{FAE04EC0-301F-11D3-BF4B-00C04F79EFBC}") = "Common", "Common\Common.csproj", "{27C1D7E2-3562-4260-B598-2D82ACDD8811}"
EndProject
Project("{2150E333-8FDC-42A3-9474-1A3956D46DE8}") = "init", "init", "{02EA681E-C7D8-13C7-8484-4AC65E1B71E8}"
	ProjectSection(SolutionItems) = preProject
		init.sql = init.sql
	EndProjectSection
EndProject
Project("{FAE04EC0-301F-11D3-BF4B-00C04F79EFBC}") = "UnitTest", "UnitTest\UnitTest.csproj", "{50396804-C8CE-4CCD-8A22-8F707206FBFE}"
EndProject
Global
	GlobalSection(SolutionConfigurationPlatforms) = preSolution
		Debug|Any CPU = Debug|Any CPU
		Release|Any CPU = Release|Any CPU
	EndGlobalSection
	GlobalSection(ProjectConfigurationPlatforms) = postSolution
		{ED1CFA48-49CC-4A22-8A39-45AD745D53D9}.Debug|Any CPU.ActiveCfg = Debug|Any CPU
		{ED1CFA48-49CC-4A22-8A39-45AD745D53D9}.Debug|Any CPU.Build.0 = Debug|Any CPU
		{ED1CFA48-49CC-4A22-8A39-45AD745D53D9}.Release|Any CPU.ActiveCfg = Release|Any CPU
		{ED1CFA48-49CC-4A22-8A39-45AD745D53D9}.Release|Any CPU.Build.0 = Release|Any CPU
		{6F3C8CF2-1795-46A8-B439-16AB1EB59C34}.Debug|Any CPU.ActiveCfg = Debug|Any CPU
		{6F3C8CF2-1795-46A8-B439-16AB1EB59C34}.Debug|Any CPU.Build.0 = Debug|Any CPU
		{6F3C8CF2-1795-46A8-B439-16AB1EB59C34}.Release|Any CPU.ActiveCfg = Release|Any CPU
		{6F3C8CF2-1795-46A8-B439-16AB1EB59C34}.Release|Any CPU.Build.0 = Release|Any CPU
		{B2CEDCC0-D82C-4E28-81F3-079321291B35}.Debug|Any CPU.ActiveCfg = Debug|Any CPU
		{B2CEDCC0-D82C-4E28-81F3-079321291B35}.Debug|Any CPU.Build.0 = Debug|Any CPU
		{B2CEDCC0-D82C-4E28-81F3-079321291B35}.Release|Any CPU.ActiveCfg = Release|Any CPU
		{B2CEDCC0-D82C-4E28-81F3-079321291B35}.Release|Any CPU.Build.0 = Release|Any CPU
		{C95C505F-3D3B-4875-BE00-8B70000BEDB4}.Debug|Any CPU.ActiveCfg = Debug|Any CPU
		{C95C505F-3D3B-4875-BE00-8B70000BEDB4}.Debug|Any CPU.Build.0 = Debug|Any CPU
		{C95C505F-3D3B-4875-BE00-8B70000BEDB4}.Release|Any CPU.ActiveCfg = Release|Any CPU
		{C95C505F-3D3B-4875-BE00-8B70000BEDB4}.Release|Any CPU.Build.0 = Release|Any CPU
		{81EFD7BE-0D98-4F11-826A-67CF718AE27D}.Debug|Any CPU.ActiveCfg = Debug|Any CPU
		{81EFD7BE-0D98-4F11-826A-67CF718AE27D}.Debug|Any CPU.Build.0 = Debug|Any CPU
		{81EFD7BE-0D98-4F11-826A-67CF718AE27D}.Release|Any CPU.ActiveCfg = Release|Any CPU
		{81EFD7BE-0D98-4F11-826A-67CF718AE27D}.Release|Any CPU.Build.0 = Release|Any CPU
		{27C1D7E2-3562-4260-B598-2D82ACDD8811}.Debug|Any CPU.ActiveCfg = Debug|Any CPU
		{27C1D7E2-3562-4260-B598-2D82ACDD8811}.Debug|Any CPU.Build.0 = Debug|Any CPU
		{27C1D7E2-3562-4260-B598-2D82ACDD8811}.Release|Any CPU.ActiveCfg = Release|Any CPU
		{27C1D7E2-3562-4260-B598-2D82ACDD8811}.Release|Any CPU.Build.0 = Release|Any CPU
		{50396804-C8CE-4CCD-8A22-8F707206FBFE}.Debug|Any CPU.ActiveCfg = Debug|Any CPU
		{50396804-C8CE-4CCD-8A22-8F707206FBFE}.Debug|Any CPU.Build.0 = Debug|Any CPU
		{50396804-C8CE-4CCD-8A22-8F707206FBFE}.Release|Any CPU.ActiveCfg = Release|Any CPU
		{50396804-C8CE-4CCD-8A22-8F707206FBFE}.Release|Any CPU.Build.0 = Release|Any CPU
	EndGlobalSection
	GlobalSection(SolutionProperties) = preSolution
		HideSolutionNode = FALSE
	EndGlobalSection
	GlobalSection(ExtensibilityGlobals) = postSolution
		SolutionGuid = {A407ABDB-E450-442B-9631-C52ECB53AF30}
	EndGlobalSection
EndGlobal
